
Microsoft Visual Studio Solution File, Format Version 12.00
# Visual Studio 15
VisualStudioVersion = 15.0.27130.2020
MinimumVisualStudioVersion = 10.0.40219.1
Project("{FAE04EC0-301F-11D3-BF4B-00C04F79EFBC}") = "Fargowiltas", "Fargowiltas.csproj", "{99EEEDA4-8E9D-4FDB-B754-DB76D73831E5}"
EndProject
Global
	GlobalSection(SolutionConfigurationPlatforms) = preSolution
		Debug|Any CPU = Debug|Any CPU
		Release|Any CPU = Release|Any CPU
	EndGlobalSection
	GlobalSection(ProjectConfigurationPlatforms) = postSolution
		{99EEEDA4-8E9D-4FDB-B754-DB76D73831E5}.Debug|Any CPU.ActiveCfg = Debug|Any CPU
		{99EEEDA4-8E9D-4FDB-B754-DB76D73831E5}.Debug|Any CPU.Build.0 = Debug|Any CPU
		{99EEEDA4-8E9D-4FDB-B754-DB76D73831E5}.Release|Any CPU.ActiveCfg = Release|Any CPU
		{99EEEDA4-8E9D-4FDB-B754-DB76D73831E5}.Release|Any CPU.Build.0 = Release|Any CPU
	EndGlobalSection
	GlobalSection(SolutionProperties) = preSolution
		HideSolutionNode = FALSE
	EndGlobalSection
	GlobalSection(ExtensibilityGlobals) = postSolution
		SolutionGuid = {9E0747A9-1D7B-4B0F-A8B5-37F1437CEE8F}
	EndGlobalSection
EndGlobal
