
Microsoft Visual Studio Solution File, Format Version 12.00
# Visual Studio 15
VisualStudioVersion = 15.0.27130.2020
MinimumVisualStudioVersion = 10.0.40219.1
Project("{FAE04EC0-301F-11D3-BF4B-00C04F79EFBC}") = "Fargowiltas", "Fargowiltas.csproj", "{EA6D10D1-6F8C-4EFD-BACB-8D3FF16422D1}"
EndProject
Global
	GlobalSection(SolutionConfigurationPlatforms) = preSolution
		Client|x86 = Client|x86
		Server|x86 = Server|x86
	EndGlobalSection
	GlobalSection(ProjectConfigurationPlatforms) = postSolution
		{EA6D10D1-6F8C-4EFD-BACB-8D3FF16422D1}.Client|x86.ActiveCfg = Debug|Any CPU
		{EA6D10D1-6F8C-4EFD-BACB-8D3FF16422D1}.Client|x86.Build.0 = Debug|Any CPU
		{EA6D10D1-6F8C-4EFD-BACB-8D3FF16422D1}.Server|x86.ActiveCfg = Debug|Any CPU
		{EA6D10D1-6F8C-4EFD-BACB-8D3FF16422D1}.Server|x86.Build.0 = Debug|Any CPU
	EndGlobalSection
	GlobalSection(SolutionProperties) = preSolution
		HideSolutionNode = FALSE
	EndGlobalSection
	GlobalSection(ExtensibilityGlobals) = postSolution
		SolutionGuid = {31D0E59C-E389-42AC-B7FA-6768BB980E27}
	EndGlobalSection
EndGlobal
